
Microsoft Visual Studio Solution File, Format Version 12.00
Project("{FAE04EC0-301F-11D3-BF4B-00C04F79EFBC}") = "Core", "Core\Core.csproj", "{92AA1DE6-886A-4C2A-AF49-0E470A89940B}"
EndProject
Project("{FAE04EC0-301F-11D3-BF4B-00C04F79EFBC}") = "UsersApi", "UsersApi\UsersApi.csproj", "{7047FF7D-1A95-4941-A20C-C73FF63F5FCF}"
EndProject
Project("{FAE04EC0-301F-11D3-BF4B-00C04F79EFBC}") = "TasksApi", "TasksApi\TasksApi.csproj", "{AFA03A7F-EBEE-413C-9319-2080DEACC871}"
EndProject
Project("{FAE04EC0-301F-11D3-BF4B-00C04F79EFBC}") = "NotificationService", "NotificationService\NotificationService.csproj", "{B5D3F694-8F76-47D6-AD86-8C6C6AC02953}"
EndProject
Project("{FAE04EC0-301F-11D3-BF4B-00C04F79EFBC}") = "Core.JwtAuth", "Core.JwtAuth\Core.JwtAuth.csproj", "{514287E0-B41C-4724-9A1E-8C806C8ABA9B}"
EndProject
Global
	GlobalSection(SolutionConfigurationPlatforms) = preSolution
		Debug|Any CPU = Debug|Any CPU
		Release|Any CPU = Release|Any CPU
	EndGlobalSection
	GlobalSection(ProjectConfigurationPlatforms) = postSolution
		{92AA1DE6-886A-4C2A-AF49-0E470A89940B}.Debug|Any CPU.ActiveCfg = Debug|Any CPU
		{92AA1DE6-886A-4C2A-AF49-0E470A89940B}.Debug|Any CPU.Build.0 = Debug|Any CPU
		{92AA1DE6-886A-4C2A-AF49-0E470A89940B}.Release|Any CPU.ActiveCfg = Release|Any CPU
		{92AA1DE6-886A-4C2A-AF49-0E470A89940B}.Release|Any CPU.Build.0 = Release|Any CPU
		{7047FF7D-1A95-4941-A20C-C73FF63F5FCF}.Debug|Any CPU.ActiveCfg = Debug|Any CPU
		{7047FF7D-1A95-4941-A20C-C73FF63F5FCF}.Debug|Any CPU.Build.0 = Debug|Any CPU
		{7047FF7D-1A95-4941-A20C-C73FF63F5FCF}.Release|Any CPU.ActiveCfg = Release|Any CPU
		{7047FF7D-1A95-4941-A20C-C73FF63F5FCF}.Release|Any CPU.Build.0 = Release|Any CPU
		{AFA03A7F-EBEE-413C-9319-2080DEACC871}.Debug|Any CPU.ActiveCfg = Debug|Any CPU
		{AFA03A7F-EBEE-413C-9319-2080DEACC871}.Debug|Any CPU.Build.0 = Debug|Any CPU
		{AFA03A7F-EBEE-413C-9319-2080DEACC871}.Release|Any CPU.ActiveCfg = Release|Any CPU
		{AFA03A7F-EBEE-413C-9319-2080DEACC871}.Release|Any CPU.Build.0 = Release|Any CPU
		{B5D3F694-8F76-47D6-AD86-8C6C6AC02953}.Debug|Any CPU.ActiveCfg = Debug|Any CPU
		{B5D3F694-8F76-47D6-AD86-8C6C6AC02953}.Debug|Any CPU.Build.0 = Debug|Any CPU
		{B5D3F694-8F76-47D6-AD86-8C6C6AC02953}.Release|Any CPU.ActiveCfg = Release|Any CPU
		{B5D3F694-8F76-47D6-AD86-8C6C6AC02953}.Release|Any CPU.Build.0 = Release|Any CPU
		{514287E0-B41C-4724-9A1E-8C806C8ABA9B}.Debug|Any CPU.ActiveCfg = Debug|Any CPU
		{514287E0-B41C-4724-9A1E-8C806C8ABA9B}.Debug|Any CPU.Build.0 = Debug|Any CPU
		{514287E0-B41C-4724-9A1E-8C806C8ABA9B}.Release|Any CPU.ActiveCfg = Release|Any CPU
		{514287E0-B41C-4724-9A1E-8C806C8ABA9B}.Release|Any CPU.Build.0 = Release|Any CPU
	EndGlobalSection
EndGlobal
